
Microsoft Visual Studio Solution File, Format Version 12.00
# Visual Studio 14
VisualStudioVersion = 14.0.25420.1
MinimumVisualStudioVersion = 10.0.40219.1
Project("{8BC9CEB8-8B4A-11D0-8D11-00A0C91BC942}") = "Lab5", "Lab5\Lab5.vcxproj", "{FBF9DD29-7BDD-49CA-9133-D2C8E8A36D09}"
EndProject
Project("{8BC9CEB8-8B4A-11D0-8D11-00A0C91BC942}") = "Lab0", "Lab0\Lab0.vcxproj", "{F6D30665-1FA4-4A2B-A2B3-BC8A71338C29}"
EndProject
Project("{8BC9CEB8-8B4A-11D0-8D11-00A0C91BC942}") = "lab1", "lab1\lab1.vcxproj", "{E33E8A6E-F771-4E54-9A2F-D11D8DF5A3B2}"
EndProject
Project("{8BC9CEB8-8B4A-11D0-8D11-00A0C91BC942}") = "Lab2", "Lab2\Lab2.vcxproj", "{9AED8E11-EE9B-4348-8A5B-C74916E86151}"
EndProject
Project("{8BC9CEB8-8B4A-11D0-8D11-00A0C91BC942}") = "Lab4", "Lab4\Lab4.vcxproj", "{300FD309-5BEA-4D08-9572-F87B4ECCB9DB}"
EndProject
Project("{8BC9CEB8-8B4A-11D0-8D11-00A0C91BC942}") = "Lab3", "Lab3\Lab3.vcxproj", "{B9B670A7-D775-4AFE-9F45-31C77B0C12E1}"
EndProject
Project("{8BC9CEB8-8B4A-11D0-8D11-00A0C91BC942}") = "PA1", "PA1\PA1.vcxproj", "{3FAD6004-5F10-46DE-8E0D-0E194D76570D}"
EndProject
Project("{8BC9CEB8-8B4A-11D0-8D11-00A0C91BC942}") = "PA2", "PA2\PA2.vcxproj", "{8485F4EC-91A1-4194-930E-6A90DE86A1A9}"
EndProject
Project("{8BC9CEB8-8B4A-11D0-8D11-00A0C91BC942}") = "Lab6", "Lab6\Lab6.vcxproj", "{E0EA1AFF-E716-4ABB-8861-2E793B133C8B}"
EndProject
Project("{8BC9CEB8-8B4A-11D0-8D11-00A0C91BC942}") = "PA3", "PA3\PA3.vcxproj", "{0A11A6AB-BED5-4A9F-B580-E6C14A62A0FD}"
EndProject
Project("{8BC9CEB8-8B4A-11D0-8D11-00A0C91BC942}") = "Lab7", "Lab7\Lab7.vcxproj", "{85004D19-0A0A-47E9-9F48-719E3740884E}"
EndProject
Project("{8BC9CEB8-8B4A-11D0-8D11-00A0C91BC942}") = "PA4", "PA4\PA4.vcxproj", "{2DBB81BA-15D4-4954-BEA4-D5B192D9D0AB}"
EndProject
Project("{8BC9CEB8-8B4A-11D0-8D11-00A0C91BC942}") = "PA5", "PA5\PA5.vcxproj", "{EFAA3E57-05AF-45B9-8C84-F27565D0DF7F}"
EndProject
Project("{8BC9CEB8-8B4A-11D0-8D11-00A0C91BC942}") = "test", "test\test.vcxproj", "{A2D00303-ABAC-4AA5-BECB-83046485F456}"
EndProject
Global
	GlobalSection(SolutionConfigurationPlatforms) = preSolution
		Debug|x64 = Debug|x64
		Debug|x86 = Debug|x86
		Release|x64 = Release|x64
		Release|x86 = Release|x86
	EndGlobalSection
	GlobalSection(ProjectConfigurationPlatforms) = postSolution
		{FBF9DD29-7BDD-49CA-9133-D2C8E8A36D09}.Debug|x64.ActiveCfg = Debug|x64
		{FBF9DD29-7BDD-49CA-9133-D2C8E8A36D09}.Debug|x64.Build.0 = Debug|x64
		{FBF9DD29-7BDD-49CA-9133-D2C8E8A36D09}.Debug|x86.ActiveCfg = Debug|Win32
		{FBF9DD29-7BDD-49CA-9133-D2C8E8A36D09}.Debug|x86.Build.0 = Debug|Win32
		{FBF9DD29-7BDD-49CA-9133-D2C8E8A36D09}.Release|x64.ActiveCfg = Release|x64
		{FBF9DD29-7BDD-49CA-9133-D2C8E8A36D09}.Release|x64.Build.0 = Release|x64
		{FBF9DD29-7BDD-49CA-9133-D2C8E8A36D09}.Release|x86.ActiveCfg = Release|Win32
		{FBF9DD29-7BDD-49CA-9133-D2C8E8A36D09}.Release|x86.Build.0 = Release|Win32
		{F6D30665-1FA4-4A2B-A2B3-BC8A71338C29}.Debug|x64.ActiveCfg = Debug|x64
		{F6D30665-1FA4-4A2B-A2B3-BC8A71338C29}.Debug|x64.Build.0 = Debug|x64
		{F6D30665-1FA4-4A2B-A2B3-BC8A71338C29}.Debug|x86.ActiveCfg = Debug|Win32
		{F6D30665-1FA4-4A2B-A2B3-BC8A71338C29}.Debug|x86.Build.0 = Debug|Win32
		{F6D30665-1FA4-4A2B-A2B3-BC8A71338C29}.Release|x64.ActiveCfg = Release|x64
		{F6D30665-1FA4-4A2B-A2B3-BC8A71338C29}.Release|x64.Build.0 = Release|x64
		{F6D30665-1FA4-4A2B-A2B3-BC8A71338C29}.Release|x86.ActiveCfg = Release|Win32
		{F6D30665-1FA4-4A2B-A2B3-BC8A71338C29}.Release|x86.Build.0 = Release|Win32
		{E33E8A6E-F771-4E54-9A2F-D11D8DF5A3B2}.Debug|x64.ActiveCfg = Debug|x64
		{E33E8A6E-F771-4E54-9A2F-D11D8DF5A3B2}.Debug|x64.Build.0 = Debug|x64
		{E33E8A6E-F771-4E54-9A2F-D11D8DF5A3B2}.Debug|x86.ActiveCfg = Debug|Win32
		{E33E8A6E-F771-4E54-9A2F-D11D8DF5A3B2}.Debug|x86.Build.0 = Debug|Win32
		{E33E8A6E-F771-4E54-9A2F-D11D8DF5A3B2}.Release|x64.ActiveCfg = Release|x64
		{E33E8A6E-F771-4E54-9A2F-D11D8DF5A3B2}.Release|x64.Build.0 = Release|x64
		{E33E8A6E-F771-4E54-9A2F-D11D8DF5A3B2}.Release|x86.ActiveCfg = Release|Win32
		{E33E8A6E-F771-4E54-9A2F-D11D8DF5A3B2}.Release|x86.Build.0 = Release|Win32
		{9AED8E11-EE9B-4348-8A5B-C74916E86151}.Debug|x64.ActiveCfg = Debug|x64
		{9AED8E11-EE9B-4348-8A5B-C74916E86151}.Debug|x64.Build.0 = Debug|x64
		{9AED8E11-EE9B-4348-8A5B-C74916E86151}.Debug|x86.ActiveCfg = Debug|Win32
		{9AED8E11-EE9B-4348-8A5B-C74916E86151}.Debug|x86.Build.0 = Debug|Win32
		{9AED8E11-EE9B-4348-8A5B-C74916E86151}.Release|x64.ActiveCfg = Release|x64
		{9AED8E11-EE9B-4348-8A5B-C74916E86151}.Release|x64.Build.0 = Release|x64
		{9AED8E11-EE9B-4348-8A5B-C74916E86151}.Release|x86.ActiveCfg = Release|Win32
		{9AED8E11-EE9B-4348-8A5B-C74916E86151}.Release|x86.Build.0 = Release|Win32
		{300FD309-5BEA-4D08-9572-F87B4ECCB9DB}.Debug|x64.ActiveCfg = Debug|x64
		{300FD309-5BEA-4D08-9572-F87B4ECCB9DB}.Debug|x64.Build.0 = Debug|x64
		{300FD309-5BEA-4D08-9572-F87B4ECCB9DB}.Debug|x86.ActiveCfg = Debug|Win32
		{300FD309-5BEA-4D08-9572-F87B4ECCB9DB}.Debug|x86.Build.0 = Debug|Win32
		{300FD309-5BEA-4D08-9572-F87B4ECCB9DB}.Release|x64.ActiveCfg = Release|x64
		{300FD309-5BEA-4D08-9572-F87B4ECCB9DB}.Release|x64.Build.0 = Release|x64
		{300FD309-5BEA-4D08-9572-F87B4ECCB9DB}.Release|x86.ActiveCfg = Release|Win32
		{300FD309-5BEA-4D08-9572-F87B4ECCB9DB}.Release|x86.Build.0 = Release|Win32
		{B9B670A7-D775-4AFE-9F45-31C77B0C12E1}.Debug|x64.ActiveCfg = Debug|x64
		{B9B670A7-D775-4AFE-9F45-31C77B0C12E1}.Debug|x64.Build.0 = Debug|x64
		{B9B670A7-D775-4AFE-9F45-31C77B0C12E1}.Debug|x86.ActiveCfg = Debug|Win32
		{B9B670A7-D775-4AFE-9F45-31C77B0C12E1}.Debug|x86.Build.0 = Debug|Win32
		{B9B670A7-D775-4AFE-9F45-31C77B0C12E1}.Release|x64.ActiveCfg = Release|x64
		{B9B670A7-D775-4AFE-9F45-31C77B0C12E1}.Release|x64.Build.0 = Release|x64
		{B9B670A7-D775-4AFE-9F45-31C77B0C12E1}.Release|x86.ActiveCfg = Release|Win32
		{B9B670A7-D775-4AFE-9F45-31C77B0C12E1}.Release|x86.Build.0 = Release|Win32
		{3FAD6004-5F10-46DE-8E0D-0E194D76570D}.Debug|x64.ActiveCfg = Debug|x64
		{3FAD6004-5F10-46DE-8E0D-0E194D76570D}.Debug|x64.Build.0 = Debug|x64
		{3FAD6004-5F10-46DE-8E0D-0E194D76570D}.Debug|x86.ActiveCfg = Debug|Win32
		{3FAD6004-5F10-46DE-8E0D-0E194D76570D}.Debug|x86.Build.0 = Debug|Win32
		{3FAD6004-5F10-46DE-8E0D-0E194D76570D}.Release|x64.ActiveCfg = Release|x64
		{3FAD6004-5F10-46DE-8E0D-0E194D76570D}.Release|x64.Build.0 = Release|x64
		{3FAD6004-5F10-46DE-8E0D-0E194D76570D}.Release|x86.ActiveCfg = Release|Win32
		{3FAD6004-5F10-46DE-8E0D-0E194D76570D}.Release|x86.Build.0 = Release|Win32
		{8485F4EC-91A1-4194-930E-6A90DE86A1A9}.Debug|x64.ActiveCfg = Debug|x64
		{8485F4EC-91A1-4194-930E-6A90DE86A1A9}.Debug|x64.Build.0 = Debug|x64
		{8485F4EC-91A1-4194-930E-6A90DE86A1A9}.Debug|x86.ActiveCfg = Debug|Win32
		{8485F4EC-91A1-4194-930E-6A90DE86A1A9}.Debug|x86.Build.0 = Debug|Win32
		{8485F4EC-91A1-4194-930E-6A90DE86A1A9}.Release|x64.ActiveCfg = Release|x64
		{8485F4EC-91A1-4194-930E-6A90DE86A1A9}.Release|x64.Build.0 = Release|x64
		{8485F4EC-91A1-4194-930E-6A90DE86A1A9}.Release|x86.ActiveCfg = Release|Win32
		{8485F4EC-91A1-4194-930E-6A90DE86A1A9}.Release|x86.Build.0 = Release|Win32
		{E0EA1AFF-E716-4ABB-8861-2E793B133C8B}.Debug|x64.ActiveCfg = Debug|x64
		{E0EA1AFF-E716-4ABB-8861-2E793B133C8B}.Debug|x64.Build.0 = Debug|x64
		{E0EA1AFF-E716-4ABB-8861-2E793B133C8B}.Debug|x86.ActiveCfg = Debug|Win32
		{E0EA1AFF-E716-4ABB-8861-2E793B133C8B}.Debug|x86.Build.0 = Debug|Win32
		{E0EA1AFF-E716-4ABB-8861-2E793B133C8B}.Release|x64.ActiveCfg = Release|x64
		{E0EA1AFF-E716-4ABB-8861-2E793B133C8B}.Release|x64.Build.0 = Release|x64
		{E0EA1AFF-E716-4ABB-8861-2E793B133C8B}.Release|x86.ActiveCfg = Release|Win32
		{E0EA1AFF-E716-4ABB-8861-2E793B133C8B}.Release|x86.Build.0 = Release|Win32
		{0A11A6AB-BED5-4A9F-B580-E6C14A62A0FD}.Debug|x64.ActiveCfg = Debug|x64
		{0A11A6AB-BED5-4A9F-B580-E6C14A62A0FD}.Debug|x64.Build.0 = Debug|x64
		{0A11A6AB-BED5-4A9F-B580-E6C14A62A0FD}.Debug|x86.ActiveCfg = Debug|Win32
		{0A11A6AB-BED5-4A9F-B580-E6C14A62A0FD}.Debug|x86.Build.0 = Debug|Win32
		{0A11A6AB-BED5-4A9F-B580-E6C14A62A0FD}.Release|x64.ActiveCfg = Release|x64
		{0A11A6AB-BED5-4A9F-B580-E6C14A62A0FD}.Release|x64.Build.0 = Release|x64
		{0A11A6AB-BED5-4A9F-B580-E6C14A62A0FD}.Release|x86.ActiveCfg = Release|Win32
		{0A11A6AB-BED5-4A9F-B580-E6C14A62A0FD}.Release|x86.Build.0 = Release|Win32
		{85004D19-0A0A-47E9-9F48-719E3740884E}.Debug|x64.ActiveCfg = Debug|x64
		{85004D19-0A0A-47E9-9F48-719E3740884E}.Debug|x64.Build.0 = Debug|x64
		{85004D19-0A0A-47E9-9F48-719E3740884E}.Debug|x86.ActiveCfg = Debug|Win32
		{85004D19-0A0A-47E9-9F48-719E3740884E}.Debug|x86.Build.0 = Debug|Win32
		{85004D19-0A0A-47E9-9F48-719E3740884E}.Release|x64.ActiveCfg = Release|x64
		{85004D19-0A0A-47E9-9F48-719E3740884E}.Release|x64.Build.0 = Release|x64
		{85004D19-0A0A-47E9-9F48-719E3740884E}.Release|x86.ActiveCfg = Release|Win32
		{85004D19-0A0A-47E9-9F48-719E3740884E}.Release|x86.Build.0 = Release|Win32
		{2DBB81BA-15D4-4954-BEA4-D5B192D9D0AB}.Debug|x64.ActiveCfg = Debug|x64
		{2DBB81BA-15D4-4954-BEA4-D5B192D9D0AB}.Debug|x64.Build.0 = Debug|x64
		{2DBB81BA-15D4-4954-BEA4-D5B192D9D0AB}.Debug|x86.ActiveCfg = Debug|Win32
		{2DBB81BA-15D4-4954-BEA4-D5B192D9D0AB}.Debug|x86.Build.0 = Debug|Win32
		{2DBB81BA-15D4-4954-BEA4-D5B192D9D0AB}.Release|x64.ActiveCfg = Release|x64
		{2DBB81BA-15D4-4954-BEA4-D5B192D9D0AB}.Release|x64.Build.0 = Release|x64
		{2DBB81BA-15D4-4954-BEA4-D5B192D9D0AB}.Release|x86.ActiveCfg = Release|Win32
		{2DBB81BA-15D4-4954-BEA4-D5B192D9D0AB}.Release|x86.Build.0 = Release|Win32
		{EFAA3E57-05AF-45B9-8C84-F27565D0DF7F}.Debug|x64.ActiveCfg = Debug|x64
		{EFAA3E57-05AF-45B9-8C84-F27565D0DF7F}.Debug|x64.Build.0 = Debug|x64
		{EFAA3E57-05AF-45B9-8C84-F27565D0DF7F}.Debug|x86.ActiveCfg = Debug|Win32
		{EFAA3E57-05AF-45B9-8C84-F27565D0DF7F}.Debug|x86.Build.0 = Debug|Win32
		{EFAA3E57-05AF-45B9-8C84-F27565D0DF7F}.Release|x64.ActiveCfg = Release|x64
		{EFAA3E57-05AF-45B9-8C84-F27565D0DF7F}.Release|x64.Build.0 = Release|x64
		{EFAA3E57-05AF-45B9-8C84-F27565D0DF7F}.Release|x86.ActiveCfg = Release|Win32
		{EFAA3E57-05AF-45B9-8C84-F27565D0DF7F}.Release|x86.Build.0 = Release|Win32
		{A2D00303-ABAC-4AA5-BECB-83046485F456}.Debug|x64.ActiveCfg = Debug|x64
		{A2D00303-ABAC-4AA5-BECB-83046485F456}.Debug|x64.Build.0 = Debug|x64
		{A2D00303-ABAC-4AA5-BECB-83046485F456}.Debug|x86.ActiveCfg = Debug|Win32
		{A2D00303-ABAC-4AA5-BECB-83046485F456}.Debug|x86.Build.0 = Debug|Win32
		{A2D00303-ABAC-4AA5-BECB-83046485F456}.Release|x64.ActiveCfg = Release|x64
		{A2D00303-ABAC-4AA5-BECB-83046485F456}.Release|x64.Build.0 = Release|x64
		{A2D00303-ABAC-4AA5-BECB-83046485F456}.Release|x86.ActiveCfg = Release|Win32
		{A2D00303-ABAC-4AA5-BECB-83046485F456}.Release|x86.Build.0 = Release|Win32
	EndGlobalSection
	GlobalSection(SolutionProperties) = preSolution
		HideSolutionNode = FALSE
	EndGlobalSection
EndGlobal
