<?xml version="1.0" encoding="utf-8"?>
<Project ToolsVersion="4.0" xmlns="http://schemas.microsoft.com/developer/msbuild/2003">
  <ItemGroup>
    <Filter Include="Source Files">
      <UniqueIdentifier>{4FC737F1-C7A5-4376-A066-2A32D752A2FF}</UniqueIdentifier>
      <Extensions>cpp;c;cc;cxx;def;odl;idl;hpj;bat;asm;asmx</Extensions>
    </Filter>
    <Filter Include="Header Files">
      <UniqueIdentifier>{93995380-89BD-4b04-88EB-625FBE52EBFB}</UniqueIdentifier>
      <Extensions>h;hh;hpp;hxx;hm;inl;inc;xsd</Extensions>
    </Filter>
    <Filter Include="Resource Files">
      <UniqueIdentifier>{67DA6AB6-F800-4c08-8B7A-83BB121AAD01}</UniqueIdentifier>
      <Extensions>rc;ico;cur;bmp;dlg;rc2;rct;bin;rgs;gif;jpg;jpeg;jpe;resx;tiff;tif;png;wav;mfcribbon-ms</Extensions>
    </Filter>
  </ItemGroup>
  <ItemGroup>
    <ClCompile Include="Assignment3.cpp">
      <Filter>Source Files</Filter>
    </ClCompile>
    <ClCompile Include="Camera.cpp">
      <Filter>Source Files</Filter>
    </ClCompile>
    <ClCompile Include="SceneParser.cpp">
      <Filter>Source Files</Filter>
    </ClCompile>
    <ClCompile Include="tinystr.cpp">
      <Filter>Source Files</Filter>
    </ClCompile>
    <ClCompile Include="tinyxml.cpp">
      <Filter>Source Files</Filter>
    </ClCompile>
    <ClCompile Include="tinyxmlerror.cpp">
      <Filter>Source Files</Filter>
    </ClCompile>
    <ClCompile Include="tinyxmlparser.cpp">
      <Filter>Source Files</Filter>
    </ClCompile>
  </ItemGroup>
  <ItemGroup>
    <Xml Include="data\contest\bherila.xml">
      <Filter>Resource Files</Filter>
    </Xml>
    <Xml Include="data\contest\csaintg.xml">
      <Filter>Resource Files</Filter>
    </Xml>
    <Xml Include="data\contest\dkarr.xml">
      <Filter>Resource Files</Filter>
    </Xml>
    <Xml Include="data\contest\ebromber.xml">
      <Filter>Resource Files</Filter>
    </Xml>
    <Xml Include="data\contest\ewchang.xml">
      <Filter>Resource Files</Filter>
    </Xml>
    <Xml Include="data\contest\ewchang2.xml">
      <Filter>Resource Files</Filter>
    </Xml>
    <Xml Include="data\contest\gtaubman.xml">
      <Filter>Resource Files</Filter>
    </Xml>
    <Xml Include="data\contest\jhavens.xml">
      <Filter>Resource Files</Filter>
    </Xml>
    <Xml Include="data\contest\mesh.xml">
      <Filter>Resource Files</Filter>
    </Xml>
    <Xml Include="data\contest\miblack.xml">
      <Filter>Resource Files</Filter>
    </Xml>
    <Xml Include="data\contest\ntom.xml">
      <Filter>Resource Files</Filter>
    </Xml>
    <Xml Include="data\contest\pdiddy.xml">
      <Filter>Resource Files</Filter>
    </Xml>
    <Xml Include="data\contest\psastras.xml">
      <Filter>Resource Files</Filter>
    </Xml>
    <Xml Include="data\contest\reid.xml">
      <Filter>Resource Files</Filter>
    </Xml>
    <Xml Include="data\general\ball.xml">
      <Filter>Resource Files</Filter>
    </Xml>
    <Xml Include="data\general\ball2.xml">
      <Filter>Resource Files</Filter>
    </Xml>
    <Xml Include="data\general\cam.xml">
      <Filter>Resource Files</Filter>
    </Xml>
    <Xml Include="data\general\cam_master.xml">
      <Filter>Resource Files</Filter>
    </Xml>
    <Xml Include="data\general\cam_master_wcamera.xml">
      <Filter>Resource Files</Filter>
    </Xml>
    <Xml Include="data\general\cam_wcamera.xml">
      <Filter>Resource Files</Filter>
    </Xml>
    <Xml Include="data\general\chess.xml">
      <Filter>Resource Files</Filter>
    </Xml>
    <Xml Include="data\general\chess_master.xml">
      <Filter>Resource Files</Filter>
    </Xml>
    <Xml Include="data\general\chess_peter.xml">
      <Filter>Resource Files</Filter>
    </Xml>
    <Xml Include="data\general\cone.xml">
      <Filter>Resource Files</Filter>
    </Xml>
    <Xml Include="data\general\conefixed.xml">
      <Filter>Resource Files</Filter>
    </Xml>
    <Xml Include="data\general\cornellbox.xml">
      <Filter>Resource Files</Filter>
    </Xml>
    <Xml Include="data\general\ctc_test.xml">
      <Filter>Resource Files</Filter>
    </Xml>
    <Xml Include="data\general\cube_robot.xml">
      <Filter>Resource Files</Filter>
    </Xml>
    <Xml Include="data\general\cube_test_master.xml">
      <Filter>Resource Files</Filter>
    </Xml>
    <Xml Include="data\general\cyl_robot.xml">
      <Filter>Resource Files</Filter>
    </Xml>
    <Xml Include="data\general\fixedfoof.xml">
      <Filter>Resource Files</Filter>
    </Xml>
    <Xml Include="data\general\foof.xml">
      <Filter>Resource Files</Filter>
    </Xml>
    <Xml Include="data\general\isect.xml">
      <Filter>Resource Files</Filter>
    </Xml>
    <Xml Include="data\general\robot.xml">
      <Filter>Resource Files</Filter>
    </Xml>
    <Xml Include="data\general\robot_flat.xml">
      <Filter>Resource Files</Filter>
    </Xml>
    <Xml Include="data\general\test.xml">
      <Filter>Resource Files</Filter>
    </Xml>
    <Xml Include="data\general\test2.xml">
      <Filter>Resource Files</Filter>
    </Xml>
    <Xml Include="data\general\thrash.xml">
      <Filter>Resource Files</Filter>
    </Xml>
    <Xml Include="data\general\unit_cone.xml">
      <Filter>Resource Files</Filter>
    </Xml>
    <Xml Include="data\general\unit_cube.xml">
      <Filter>Resource Files</Filter>
    </Xml>
    <Xml Include="data\general\unit_cylinder.xml">
      <Filter>Resource Files</Filter>
    </Xml>
    <Xml Include="data\general\unit_sphere.xml">
      <Filter>Resource Files</Filter>
    </Xml>
    <Xml Include="data\tufts\Andrew_Paul_Scene.xml">
      <Filter>Resource Files</Filter>
    </Xml>
    <Xml Include="data\tufts\caleb_max_incredibles.xml">
      <Filter>Resource Files</Filter>
    </Xml>
    <Xml Include="data\tufts\HyungseoParkScene.xml">
      <Filter>Resource Files</Filter>
    </Xml>
    <Xml Include="data\tufts\JayStefanScene.xml">
      <Filter>Resource Files</Filter>
    </Xml>
    <Xml Include="data\tufts\louisades-spacebattle.xml">
      <Filter>Resource Files</Filter>
    </Xml>
    <Xml Include="data\tufts\MarcellaMeow.xml">
      <Filter>Resource Files</Filter>
    </Xml>
    <Xml Include="data\tufts\mryan_moto.xml">
      <Filter>Resource Files</Filter>
    </Xml>
    <Xml Include="data\tufts\mryan_moto_special.xml">
      <Filter>Resource Files</Filter>
    </Xml>
    <Xml Include="data\tufts\tie-fighter.xml">
      <Filter>Resource Files</Filter>
    </Xml>
    <Xml Include="..\..\..\class code\PA3\data\JustinRitter.xml">
      <Filter>Resource Files</Filter>
    </Xml>
  </ItemGroup>
  <ItemGroup>
    <ClInclude Include="Algebra.h">
      <Filter>Header Files</Filter>
    </ClInclude>
    <ClInclude Include="Camera.h">
      <Filter>Header Files</Filter>
    </ClInclude>
    <ClInclude Include="Cone.h">
      <Filter>Header Files</Filter>
    </ClInclude>
    <ClInclude Include="Cube.h">
      <Filter>Header Files</Filter>
    </ClInclude>
    <ClInclude Include="Cylinder.h">
      <Filter>Header Files</Filter>
    </ClInclude>
    <ClInclude Include="SceneData.h">
      <Filter>Header Files</Filter>
    </ClInclude>
    <ClInclude Include="SceneParser.h">
      <Filter>Header Files</Filter>
    </ClInclude>
    <ClInclude Include="Shape.h">
      <Filter>Header Files</Filter>
    </ClInclude>
    <ClInclude Include="Sphere.h">
      <Filter>Header Files</Filter>
    </ClInclude>
    <ClInclude Include="tinystr.h">
      <Filter>Header Files</Filter>
    </ClInclude>
    <ClInclude Include="tinyxml.h">
      <Filter>Header Files</Filter>
    </ClInclude>
  </ItemGroup>
</Project>