<?xml version="1.0" encoding="utf-8"?>
<Project ToolsVersion="4.0" xmlns="http://schemas.microsoft.com/developer/msbuild/2003">
  <ItemGroup>
    <Filter Include="Source Files">
      <UniqueIdentifier>{4FC737F1-C7A5-4376-A066-2A32D752A2FF}</UniqueIdentifier>
      <Extensions>cpp;c;cc;cxx;def;odl;idl;hpj;bat;asm;asmx</Extensions>
    </Filter>
    <Filter Include="Header Files">
      <UniqueIdentifier>{93995380-89BD-4b04-88EB-625FBE52EBFB}</UniqueIdentifier>
      <Extensions>h;hh;hpp;hxx;hm;inl;inc;xsd</Extensions>
    </Filter>
    <Filter Include="Resource Files">
      <UniqueIdentifier>{67DA6AB6-F800-4c08-8B7A-83BB121AAD01}</UniqueIdentifier>
      <Extensions>rc;ico;cur;bmp;dlg;rc2;rct;bin;rgs;gif;jpg;jpeg;jpe;resx;tiff;tif;png;wav;mfcribbon-ms</Extensions>
    </Filter>
    <Filter Include="Resource Files\data">
      <UniqueIdentifier>{4ad0e1bd-24c2-4980-a8dd-837decc10c31}</UniqueIdentifier>
    </Filter>
  </ItemGroup>
  <ItemGroup>
    <ClCompile Include="entity.cpp">
      <Filter>Source Files</Filter>
    </ClCompile>
    <ClCompile Include="main.cpp">
      <Filter>Source Files</Filter>
    </ClCompile>
    <ClCompile Include="movieCamera.cpp">
      <Filter>Source Files</Filter>
    </ClCompile>
    <ClCompile Include="ply.cpp">
      <Filter>Source Files</Filter>
    </ClCompile>
  </ItemGroup>
  <ItemGroup>
    <None Include="data\camera.ply">
      <Filter>Resource Files\data</Filter>
    </None>
    <None Include="data\gate.ply">
      <Filter>Resource Files\data</Filter>
    </None>
    <None Include="data\grass.ply">
      <Filter>Resource Files\data</Filter>
    </None>
    <None Include="data\jeep.ply">
      <Filter>Resource Files\data</Filter>
    </None>
    <None Include="data\log.ply">
      <Filter>Resource Files\data</Filter>
    </None>
    <None Include="data\rock.ply">
      <Filter>Resource Files\data</Filter>
    </None>
    <None Include="data\tree.ply">
      <Filter>Resource Files\data</Filter>
    </None>
    <None Include="data\trex.ply">
      <Filter>Resource Files\data</Filter>
    </None>
  </ItemGroup>
  <ItemGroup>
    <ClInclude Include="entity.h">
      <Filter>Header Files</Filter>
    </ClInclude>
    <ClInclude Include="geometry.h">
      <Filter>Header Files</Filter>
    </ClInclude>
    <ClInclude Include="movieCamera.h">
      <Filter>Header Files</Filter>
    </ClInclude>
    <ClInclude Include="ply.h">
      <Filter>Header Files</Filter>
    </ClInclude>
  </ItemGroup>
</Project>